
Microsoft Visual Studio Solution File, Format Version 12.00
# Visual Studio Version 17
VisualStudioVersion = 17.5.33414.496
MinimumVisualStudioVersion = 10.0.40219.1
Project("{9A19103F-16F7-4668-BE54-9A1E7A4F7556}") = "N6_QuanLyPhongKham", "N6_QuanLyPhongKham.csproj", "{8580C7D8-748F-461D-8B9B-ACF89B9E73A0}"
EndProject
Project("{2150E333-8FDC-42A3-9474-1A3956D46DE8}") = "Solution Items", "Solution Items", "{7EB63F6A-785B-4E92-AE46-0EFFF14D8BCF}"
	ProjectSection(SolutionItems) = preProject
		User.cs = User.cs
	EndProjectSection
EndProject
Global
	GlobalSection(SolutionConfigurationPlatforms) = preSolution
		Debug|Any CPU = Debug|Any CPU
		Release|Any CPU = Release|Any CPU
	EndGlobalSection
	GlobalSection(ProjectConfigurationPlatforms) = postSolution
		{8580C7D8-748F-461D-8B9B-ACF89B9E73A0}.Debug|Any CPU.ActiveCfg = Debug|Any CPU
		{8580C7D8-748F-461D-8B9B-ACF89B9E73A0}.Debug|Any CPU.Build.0 = Debug|Any CPU
		{8580C7D8-748F-461D-8B9B-ACF89B9E73A0}.Release|Any CPU.ActiveCfg = Release|Any CPU
		{8580C7D8-748F-461D-8B9B-ACF89B9E73A0}.Release|Any CPU.Build.0 = Release|Any CPU
	EndGlobalSection
	GlobalSection(SolutionProperties) = preSolution
		HideSolutionNode = FALSE
	EndGlobalSection
	GlobalSection(ExtensibilityGlobals) = postSolution
		SolutionGuid = {7D237328-809D-4FF2-A962-7CFE686CBFE1}
	EndGlobalSection
EndGlobal
